<?xml version="1.0" encoding="utf-8"?>
<Project ToolsVersion="4.0" xmlns="http://schemas.microsoft.com/developer/msbuild/2003">
  <ItemGroup>
    <ClCompile Include="test.cpp" />
    <ClCompile Include="pch.cpp" />
    <ClCompile Include="..\..\Source\Port.cpp">
      <Filter>CppRTOS</Filter>
    </ClCompile>
  </ItemGroup>
  <ItemGroup>
    <ClInclude Include="pch.h" />
    <ClInclude Include="..\..\Include\Task.h">
      <Filter>CppRTOS</Filter>
    </ClInclude>
    <ClInclude Include="..\..\Include\Port.h">
      <Filter>CppRTOS</Filter>
    </ClInclude>
    <ClInclude Include="..\..\Include\Interface.h">
      <Filter>CppRTOS</Filter>
    </ClInclude>
  </ItemGroup>
  <ItemGroup>
    <Filter Include="CppRTOS">
      <UniqueIdentifier>{de2c3829-acd1-44a0-b8b5-45679894dd49}</UniqueIdentifier>
    </Filter>
  </ItemGroup>
</Project>